lockfileVersion: '9.0'

settings:
  autoInstallPeers: true
  excludeLinksFromLockfile: false

importers:

  .:
    dependencies:
      '@midnight-ntwrk/compact-runtime':
        specifier: ^0.8.1
        version: 0.8.1

packages:

  '@midnight-ntwrk/compact-runtime@0.8.1':
    resolution: {integrity: sha512-ZXG/iprEqTCxQC/P1oETGOR5CnsoemPsfb17eSANPRsm+11AcIOP0Tp8KJipN+GbycgxOA+fAVwLFqA1hDCgbw==}

  '@midnight-ntwrk/onchain-runtime@0.3.0':
    resolution: {integrity: sha512-vZWPoz7MhXO5UgWZET50g7APOcT5dbAfADDcrSreeOagV8lj7JJzlnYIIhrcUaMOv+NHWxPaUcJUYUkmu9LoTA==}

  '@types/object-inspect@1.13.0':
    resolution: {integrity: sha512-lwGTVESDDV+XsQ1pH4UifpJ1f7OtXzQ6QBOX2Afq2bM/T3oOt8hF6exJMjjIjtEWeAN2YAo25J7HxWh97CCz9w==}

  object-inspect@1.13.4:
    resolution: {integrity: sha512-W67iLl4J2EXEGTbfeHCffrjDfitvLANg0UlX3wFUUSTx92KXRFegMHUVgSqE+wvhAbi4WqjGg9czysTV2Epbew==}
    engines: {node: '>= 0.4'}

snapshots:

  '@midnight-ntwrk/compact-runtime@0.8.1':
    dependencies:
      '@midnight-ntwrk/onchain-runtime': 0.3.0
      '@types/object-inspect': 1.13.0
      object-inspect: 1.13.4

  '@midnight-ntwrk/onchain-runtime@0.3.0': {}

  '@types/object-inspect@1.13.0': {}

  object-inspect@1.13.4: {}
